PODS:
  - GRMustache (7.3.2):
    - JRSwizzle (~> 1.0)
  - JRSwizzle (1.0)

DEPENDENCIES:
  - GRMustache

SPEC REPOS:
  trunk:
    - GRMustache
    - JRSwizzle

SPEC CHECKSUMS:
  GRMustache: ebe6104fd30a6d22c1f36af131e19e2dbf7cd292
  JRSwizzle: dd5ead5d913a0f29e7f558200165849f006bb1e3

PODFILE CHECKSUM: f30958b42e55eb775f7da52c1632e4b4cdf82bf9

COCOAPODS: 1.8.4
